// !$*UTF8*$!
{
	archiveVersion = 1;
	classes = {
	};
	objectVersion = 50;
	objects = {

/* Begin PBXBuildFile section */
		722AC18322683E3E00943DB1 /* NSSortedArray.m in Sources */ = {isa = PBXBuildFile; fileRef = 722AC18222683E3E00943DB1 /* NSSortedArray.m */; };
		7274D910225ED1E500106E19 /* AppDelegate.m in Sources */ = {isa = PBXBuildFile; fileRef = 7274D90F225ED1E500106E19 /* AppDelegate.m */; };
		7274D913225ED1E500106E19 /* ViewController.m in Sources */ = {isa = PBXBuildFile; fileRef = 7274D912225ED1E500106E19 /* ViewController.m */; };
		7274D916225ED1E500106E19 /* Main.storyboard in Resources */ = {isa = PBXBuildFile; fileRef = 7274D914225ED1E500106E19 /* Main.storyboard */; };
		7274D918225ED1E600106E19 /* Assets.xcassets in Resources */ = {isa = PBXBuildFile; fileRef = 7274D917225ED1E600106E19 /* Assets.xcassets */; };
		7274D91B225ED1E600106E19 /* LaunchScreen.storyboard in Resources */ = {isa = PBXBuildFile; fileRef = 7274D919225ED1E600106E19 /* LaunchScreen.storyboard */; };
		7274D91E225ED1E600106E19 /* main.m in Sources */ = {isa = PBXBuildFile; fileRef = 7274D91D225ED1E600106E19 /* main.m */; };
		7278CA1E226D818700AEFF55 /* TestNSSortedArray.m in Sources */ = {isa = PBXBuildFile; fileRef = 7278CA1D226D818700AEFF55 /* TestNSSortedArray.m */; };
/* End PBXBuildFile section */

/* Begin PBXFileReference section */
		722AC18122683E3E00943DB1 /* NSSortedArray.h */ = {isa = PBXFileReference; lastKnownFileType = sourcecode.c.h; name = NSSortedArray.h; path = ../NSSortedArray/NSSortedArray.h; sourceTree = "<group>"; };
		722AC18222683E3E00943DB1 /* NSSortedArray.m */ = {isa = PBXFileReference; lastKnownFileType = sourcecode.c.objc; name = NSSortedArray.m; path = ../NSSortedArray/NSSortedArray.m; sourceTree = "<group>"; };
		7274D90B225ED1E500106E19 /* Notification.app */ = {isa = PBXFileReference; explicitFileType = wrapper.application; includeInIndex = 0; path = Notification.app; sourceTree = BUILT_PRODUCTS_DIR; };
		7274D90E225ED1E500106E19 /* AppDelegate.h */ = {isa = PBXFileReference; lastKnownFileType = sourcecode.c.h; path = AppDelegate.h; sourceTree = "<group>"; };
		7274D90F225ED1E500106E19 /* AppDelegate.m */ = {isa = PBXFileReference; lastKnownFileType = sourcecode.c.objc; path = AppDelegate.m; sourceTree = "<group>"; };
		7274D911225ED1E500106E19 /* ViewController.h */ = {isa = PBXFileReference; lastKnownFileType = sourcecode.c.h; path = ViewController.h; sourceTree = "<group>"; };
		7274D912225ED1E500106E19 /* ViewController.m */ = {isa = PBXFileReference; lastKnownFileType = sourcecode.c.objc; path = ViewController.m; sourceTree = "<group>"; };
		7274D915225ED1E500106E19 /* Base */ = {isa = PBXFileReference; lastKnownFileType = file.storyboard; name = Base; path = Base.lproj/Main.storyboard; sourceTree = "<group>"; };
		7274D917225ED1E600106E19 /* Assets.xcassets */ = {isa = PBXFileReference; lastKnownFileType = folder.assetcatalog; path = Assets.xcassets; sourceTree = "<group>"; };
		7274D91A225ED1E600106E19 /* Base */ = {isa = PBXFileReference; lastKnownFileType = file.storyboard; name = Base; path = Base.lproj/LaunchScreen.storyboard; sourceTree = "<group>"; };
		7274D91C225ED1E600106E19 /* Info.plist */ = {isa = PBXFileReference; lastKnownFileType = text.plist.xml; path = Info.plist; sourceTree = "<group>"; };
		7274D91D225ED1E600106E19 /* main.m */ = {isa = PBXFileReference; lastKnownFileType = sourcecode.c.objc; path = main.m; sourceTree = "<group>"; };
		7278CA1C226D818700AEFF55 /* TestNSSortedArray.h */ = {isa = PBXFileReference; lastKnownFileType = sourcecode.c.h; path = TestNSSortedArray.h; sourceTree = "<group>"; };
		7278CA1D226D818700AEFF55 /* TestNSSortedArray.m */ = {isa = PBXFileReference; lastKnownFileType = sourcecode.c.objc; path = TestNSSortedArray.m; sourceTree = "<group>"; };
/* End PBXFileReference section */

/* Begin PBXFrameworksBuildPhase section */
		7274D908225ED1E500106E19 /* Frameworks */ = {
			isa = PBXFrameworksBuildPhase;
			buildActionMask = 2147483647;
			files = (
			);
			runOnlyForDeploymentPostprocessing = 0;
		};
/* End PBXFrameworksBuildPhase section */

/* Begin PBXGroup section */
		7274D902225ED1E500106E19 = {
			isa = PBXGroup;
			children = (
				7274D90D225ED1E500106E19 /* Notification */,
				7274D90C225ED1E500106E19 /* Products */,
			);
			sourceTree = "<group>";
		};
		7274D90C225ED1E500106E19 /* Products */ = {
			isa = PBXGroup;
			children = (
				7274D90B225ED1E500106E19 /* Notification.app */,
			);
			name = Products;
			sourceTree = "<group>";
		};
		7274D90D225ED1E500106E19 /* Notification */ = {
			isa = PBXGroup;
			children = (
				7274D90E225ED1E500106E19 /* AppDelegate.h */,
				7274D90F225ED1E500106E19 /* AppDelegate.m */,
				7274D911225ED1E500106E19 /* ViewController.h */,
				7274D912225ED1E500106E19 /* ViewController.m */,
				7274D914225ED1E500106E19 /* Main.storyboard */,
				7274D917225ED1E600106E19 /* Assets.xcassets */,
				7274D919225ED1E600106E19 /* LaunchScreen.storyboard */,
				7274D91C225ED1E600106E19 /* Info.plist */,
				7274D91D225ED1E600106E19 /* main.m */,
				722AC18122683E3E00943DB1 /* NSSortedArray.h */,
				722AC18222683E3E00943DB1 /* NSSortedArray.m */,
				7278CA1C226D818700AEFF55 /* TestNSSortedArray.h */,
				7278CA1D226D818700AEFF55 /* TestNSSortedArray.m */,
			);
			path = Notification;
			sourceTree = "<group>";
		};
/* End PBXGroup section */

/* Begin PBXNativeTarget section */
		7274D90A225ED1E500106E19 /* Notification */ = {
			isa = PBXNativeTarget;
			buildConfigurationList = 7274D921225ED1E600106E19 /* Build configuration list for PBXNativeTarget "Notification" */;
			buildPhases = (
				7274D907225ED1E500106E19 /* Sources */,
				7274D908225ED1E500106E19 /* Frameworks */,
				7274D909225ED1E500106E19 /* Resources */,
			);
			buildRules = (
			);
			dependencies = (
			);
			name = Notification;
			productName = Notification;
			productReference = 7274D90B225ED1E500106E19 /* Notification.app */;
			productType = "com.apple.product-type.application";
		};
/* End PBXNativeTarget section */

/* Begin PBXProject section */
		7274D903225ED1E500106E19 /* Project object */ = {
			isa = PBXProject;
			attributes = {
				LastUpgradeCheck = 1020;
				ORGANIZATIONNAME = "Siddhesh Naik";
				TargetAttributes = {
					7274D90A225ED1E500106E19 = {
						CreatedOnToolsVersion = 10.2;
					};
				};
			};
			buildConfigurationList = 7274D906225ED1E500106E19 /* Build configuration list for PBXProject "Notification" */;
			compatibilityVersion = "Xcode 9.3";
			developmentRegion = en;
			hasScannedForEncodings = 0;
			knownRegions = (
				en,
				Base,
			);
			mainGroup = 7274D902225ED1E500106E19;
			productRefGroup = 7274D90C225ED1E500106E19 /* Products */;
			projectDirPath = "";
			projectRoot = "";
			targets = (
				7274D90A225ED1E500106E19 /* Notification */,
			);
		};
/* End PBXProject section */

/* Begin PBXResourcesBuildPhase section */
		7274D909225ED1E500106E19 /* Resources */ = {
			isa = PBXResourcesBuildPhase;
			buildActionMask = 2147483647;
			files = (
				7274D91B225ED1E600106E19 /* LaunchScreen.storyboard in Resources */,
				7274D918225ED1E600106E19 /* Assets.xcassets in Resources */,
				7274D916225ED1E500106E19 /* Main.storyboard in Resources */,
			);
			runOnlyForDeploymentPostprocessing = 0;
		};
/* End PBXResourcesBuildPhase section */

/* Begin PBXSourcesBuildPhase section */
		7274D907225ED1E500106E19 /* Sources */ = {
			isa = PBXSourcesBuildPhase;
			buildActionMask = 2147483647;
			files = (
				7278CA1E226D818700AEFF55 /* TestNSSortedArray.m in Sources */,
				7274D913225ED1E500106E19 /* ViewController.m in Sources */,
				7274D91E225ED1E600106E19 /* main.m in Sources */,
				722AC18322683E3E00943DB1 /* NSSortedArray.m in Sources */,
				7274D910225ED1E500106E19 /* AppDelegate.m in Sources */,
			);
			runOnlyForDeploymentPostprocessing = 0;
		};
/* End PBXSourcesBuildPhase section */

/* Begin PBXVariantGroup section */
		7274D914225ED1E500106E19 /* Main.storyboard */ = {
			isa = PBXVariantGroup;
			children = (
				7274D915225ED1E500106E19 /* Base */,
			);
			name = Main.storyboard;
			sourceTree = "<group>";
		};
		7274D919225ED1E600106E19 /* LaunchScreen.storyboard */ = {
			isa = PBXVariantGroup;
			children = (
				7274D91A225ED1E600106E19 /* Base */,
			);
			name = LaunchScreen.storyboard;
			sourceTree = "<group>";
		};
/* End PBXVariantGroup section */

/* Begin XCBuildConfiguration section */
		7274D91F225ED1E600106E19 /* Debug */ = {
			isa = XCBuildConfiguration;
			buildSettings = {
				ALWAYS_SEARCH_USER_PATHS = NO;
				CLANG_ANALYZER_NONNULL = YES;
				CLANG_ANALYZER_NUMBER_OBJECT_CONVERSION = YES_AGGRESSIVE;
				CLANG_CXX_LANGUAGE_STANDARD = "gnu++14";
				CLANG_CXX_LIBRARY = "libc++";
				CLANG_ENABLE_MODULES = YES;
				CLANG_ENABLE_OBJC_ARC = YES;
				CLANG_ENABLE_OBJC_WEAK = YES;
				CLANG_WARN_BLOCK_CAPTURE_AUTORELEASING = YES;
				CLANG_WARN_BOOL_CONVERSION = YES;
				CLANG_WARN_COMMA = YES;
				CLANG_WARN_CONSTANT_CONVERSION = YES;
				CLANG_WARN_DEPRECATED_OBJC_IMPLEMENTATIONS = YES;
				CLANG_WARN_DIRECT_OBJC_ISA_USAGE = YES_ERROR;
				CLANG_WARN_DOCUMENTATION_COMMENTS = YES;
				CLANG_WARN_EMPTY_BODY = YES;
				CLANG_WARN_ENUM_CONVERSION = YES;
				CLANG_WARN_INFINITE_RECURSION = YES;
				CLANG_WARN_INT_CONVERSION = YES;
				CLANG_WARN_NON_LITERAL_NULL_CONVERSION = YES;
				CLANG_WARN_OBJC_IMPLICIT_RETAIN_SELF = YES;
				CLANG_WARN_OBJC_LITERAL_CONVERSION = YES;
				CLANG_WARN_OBJC_ROOT_CLASS = YES_ERROR;
				CLANG_WARN_RANGE_LOOP_ANALYSIS = YES;
				CLANG_WARN_STRICT_PROTOTYPES = YES;
				CLANG_WARN_SUSPICIOUS_MOVE = YES;
				CLANG_WARN_UNGUARDED_AVAILABILITY = YES_AGGRESSIVE;
				CLANG_WARN_UNREACHABLE_CODE = YES;
				CLANG_WARN__DUPLICATE_METHOD_MATCH = YES;
				CODE_SIGN_IDENTITY = "iPhone Developer";
				COPY_PHASE_STRIP = NO;
				DEBUG_INFORMATION_FORMAT = dwarf;
				ENABLE_STRICT_OBJC_MSGSEND = YES;
				ENABLE_TESTABILITY = YES;
				GCC_C_LANGUAGE_STANDARD = gnu11;
				GCC_DYNAMIC_NO_PIC = NO;
				GCC_NO_COMMON_BLOCKS = YES;
				GCC_OPTIMIZATION_LEVEL = 0;
				GCC_PREPROCESSOR_DEFINITIONS = (
					"DEBUG=1",
					"$(inherited)",
				);
				GCC_WARN_64_TO_32_BIT_CONVERSION = YES;
				GCC_WARN_ABOUT_RETURN_TYPE = YES_ERROR;
				GCC_WARN_UNDECLARED_SELECTOR = YES;
				GCC_WARN_UNINITIALIZED_AUTOS = YES_AGGRESSIVE;
				GCC_WARN_UNUSED_FUNCTION = YES;
				GCC_WARN_UNUSED_VARIABLE = YES;
				IPHONEOS_DEPLOYMENT_TARGET = 12.2;
				MTL_ENABLE_DEBUG_INFO = INCLUDE_SOURCE;
				MTL_FAST_MATH = YES;
				ONLY_ACTIVE_ARCH = YES;
				SDKROOT = iphoneos;
			};
			name = Debug;
		};
		7274D920225ED1E600106E19 /* Release */ = {
			isa = XCBuildConfiguration;
			buildSettings = {
				ALWAYS_SEARCH_USER_PATHS = NO;
				CLANG_ANALYZER_NONNULL = YES;
				CLANG_ANALYZER_NUMBER_OBJECT_CONVERSION = YES_AGGRESSIVE;
				CLANG_CXX_LANGUAGE_STANDARD = "gnu++14";
				CLANG_CXX_LIBRARY = "libc++";
				CLANG_ENABLE_MODULES = YES;
				CLANG_ENABLE_OBJC_ARC = YES;
				CLANG_ENABLE_OBJC_WEAK = YES;
				CLANG_WARN_BLOCK_CAPTURE_AUTORELEASING = YES;
				CLANG_WARN_BOOL_CONVERSION = YES;
				CLANG_WARN_COMMA = YES;
				CLANG_WARN_CONSTANT_CONVERSION = YES;
				CLANG_WARN_DEPRECATED_OBJC_IMPLEMENTATIONS = YES;
				CLANG_WARN_DIRECT_OBJC_ISA_USAGE = YES_ERROR;
				CLANG_WARN_DOCUMENTATION_COMMENTS = YES;
				CLANG_WARN_EMPTY_BODY = YES;
				CLANG_WARN_ENUM_CONVERSION = YES;
				CLANG_WARN_INFINITE_RECURSION = YES;
				CLANG_WARN_INT_CONVERSION = YES;
				CLANG_WARN_NON_LITERAL_NULL_CONVERSION = YES;
				CLANG_WARN_OBJC_IMPLICIT_RETAIN_SELF = YES;
				CLANG_WARN_OBJC_LITERAL_CONVERSION = YES;
				CLANG_WARN_OBJC_ROOT_CLASS = YES_ERROR;
				CLANG_WARN_RANGE_LOOP_ANALYSIS = YES;
				CLANG_WARN_STRICT_PROTOTYPES = YES;
				CLANG_WARN_SUSPICIOUS_MOVE = YES;
				CLANG_WARN_UNGUARDED_AVAILABILITY = YES_AGGRESSIVE;
				CLANG_WARN_UNREACHABLE_CODE = YES;
				CLANG_WARN__DUPLICATE_METHOD_MATCH = YES;
				CODE_SIGN_IDENTITY = "iPhone Developer";
				COPY_PHASE_STRIP = NO;
				DEBUG_INFORMATION_FORMAT = "dwarf-with-dsym";
				ENABLE_NS_ASSERTIONS = NO;
				ENABLE_STRICT_OBJC_MSGSEND = YES;
				GCC_C_LANGUAGE_STANDARD = gnu11;
				GCC_NO_COMMON_BLOCKS = YES;
				GCC_WARN_64_TO_32_BIT_CONVERSION = YES;
				GCC_WARN_ABOUT_RETURN_TYPE = YES_ERROR;
				GCC_WARN_UNDECLARED_SELECTOR = YES;
				GCC_WARN_UNINITIALIZED_AUTOS = YES_AGGRESSIVE;
				GCC_WARN_UNUSED_FUNCTION = YES;
				GCC_WARN_UNUSED_VARIABLE = YES;
				IPHONEOS_DEPLOYMENT_TARGET = 12.2;
				MTL_ENABLE_DEBUG_INFO = NO;
				MTL_FAST_MATH = YES;
				SDKROOT = iphoneos;
				VALIDATE_PRODUCT = YES;
			};
			name = Release;
		};
		7274D922225ED1E600106E19 /* Debug */ = {
			isa = XCBuildConfiguration;
			buildSettings = {
				ASSETCATALOG_COMPILER_APPICON_NAME = AppIcon;
				CODE_SIGN_STYLE = Automatic;
				INFOPLIST_FILE = Notification/Info.plist;
				LD_RUNPATH_SEARCH_PATHS = (
					"$(inherited)",
					"@executable_path/Frameworks",
				);
				PRODUCT_BUNDLE_IDENTIFIER = vggjhh.Notification;
				PRODUCT_NAME = "$(TARGET_NAME)";
				TARGETED_DEVICE_FAMILY = "1,2";
			};
			name = Debug;
		};
		7274D923225ED1E600106E19 /* Release */ = {
			isa = XCBuildConfiguration;
			buildSettings = {
				ASSETCATALOG_COMPILER_APPICON_NAME = AppIcon;
				CODE_SIGN_STYLE = Automatic;
				INFOPLIST_FILE = Notification/Info.plist;
				LD_RUNPATH_SEARCH_PATHS = (
					"$(inherited)",
					"@executable_path/Frameworks",
				);
				PRODUCT_BUNDLE_IDENTIFIER = vggjhh.Notification;
				PRODUCT_NAME = "$(TARGET_NAME)";
				TARGETED_DEVICE_FAMILY = "1,2";
			};
			name = Release;
		};
/* End XCBuildConfiguration section */

/* Begin XCConfigurationList section */
		7274D906225ED1E500106E19 /* Build configuration list for PBXProject "Notification" */ = {
			isa = XCConfigurationList;
			buildConfigurations = (
				7274D91F225ED1E600106E19 /* Debug */,
				7274D920225ED1E600106E19 /* Release */,
			);
			defaultConfigurationIsVisible = 0;
			defaultConfigurationName = Release;
		};
		7274D921225ED1E600106E19 /* Build configuration list for PBXNativeTarget "Notification" */ = {
			isa = XCConfigurationList;
			buildConfigurations = (
				7274D922225ED1E600106E19 /* Debug */,
				7274D923225ED1E600106E19 /* Release */,
			);
			defaultConfigurationIsVisible = 0;
			defaultConfigurationName = Release;
		};
/* End XCConfigurationList section */
	};
	rootObject = 7274D903225ED1E500106E19 /* Project object */;
}
